{
  "requires": true,
  "lockfileVersion": 1,
  "dependencies": {
    "@antv/adjust": {
      "version": "0.1.1",
      "resolved": "https://registry.npmjs.org/@antv/adjust/-/adjust-0.1.1.tgz",
      "integrity": "sha512-9FaMOyBlM4AgoRL0b5o0VhEKAYkexBNUrxV8XmpHU/9NBPJONBOB/NZUlQDqxtLItrt91tCfbAuMQmF529UX2Q==",
      "requires": {
        "@antv/util": "~1.3.1"
      },
      "dependencies": {
        "@antv/util": {
          "version": "1.3.1",
          "resolved": "https://registry.npmjs.org/@antv/util/-/util-1.3.1.tgz",
          "integrity": "sha512-cbUta0hIJrKEaW3eKoGarz3Ita+9qUPF2YzTj8A6wds/nNiy20G26ztIWHU+5ThLc13B1n5Ik52LbaCaeg9enA==",
          "requires": {
            "@antv/gl-matrix": "^2.7.1"
          }
        }
      }
    },
    "@antv/attr": {
      "version": "0.1.2",
      "resolved": "https://registry.npmjs.org/@antv/attr/-/attr-0.1.2.tgz",
      "integrity": "sha512-QXjP+T2I+pJQcwZx1oCA4tipG43vgeCeKcGGKahlcxb71OBAzjJZm1QbF4frKXcnOqRkxVXtCr70X9TRair3Ew==",
      "requires": {
        "@antv/util": "~1.3.1"
      },
      "dependencies": {
        "@antv/util": {
          "version": "1.3.1",
          "resolved": "https://registry.npmjs.org/@antv/util/-/util-1.3.1.tgz",
          "integrity": "sha512-cbUta0hIJrKEaW3eKoGarz3Ita+9qUPF2YzTj8A6wds/nNiy20G26ztIWHU+5ThLc13B1n5Ik52LbaCaeg9enA==",
          "requires": {
            "@antv/gl-matrix": "^2.7.1"
          }
        }
      }
    },
    "@antv/f2": {
      "version": "3.4.0",
      "resolved": "https://registry.npmjs.org/@antv/f2/-/f2-3.4.0.tgz",
      "integrity": "sha512-Q3UY6p2gubxzhgvU8yesSEf34l6BBrA2UUkgwI0l8P7jDYTUF+qNBFjVGDJyLUkrTHTtrm/LOu+fuolmJbE2lA==",
      "requires": {
        "@antv/adjust": "~0.1.1",
        "@antv/attr": "~0.1.0",
        "@antv/scale": "~0.1.2",
        "@antv/util": "~1.2.5",
        "hammerjs": "^2.0.8"
      }
    },
    "@antv/gl-matrix": {
      "version": "2.7.1",
      "resolved": "https://registry.npmjs.org/@antv/gl-matrix/-/gl-matrix-2.7.1.tgz",
      "integrity": "sha512-oOWcVNlpELIKi9x+Mm1Vwbz8pXfkbJKykoCIOJ/dNK79hSIANbpXJ5d3Rra9/wZqK6MC961B7sybFhPlLraT3Q=="
    },
    "@antv/scale": {
      "version": "0.1.5",
      "resolved": "https://registry.npmjs.org/@antv/scale/-/scale-0.1.5.tgz",
      "integrity": "sha512-7RAu4iH5+Hk21h6+aBMiDTfmLf4IibK2SWjx/+E4f4AXRpqucO+8u7IbZdFkakAWxvqhJtN3oePJuTKqOMcmlg==",
      "requires": {
        "@antv/util": "~1.3.1",
        "fecha": "~2.3.3"
      },
      "dependencies": {
        "@antv/util": {
          "version": "1.3.1",
          "resolved": "https://registry.npmjs.org/@antv/util/-/util-1.3.1.tgz",
          "integrity": "sha512-cbUta0hIJrKEaW3eKoGarz3Ita+9qUPF2YzTj8A6wds/nNiy20G26ztIWHU+5ThLc13B1n5Ik52LbaCaeg9enA==",
          "requires": {
            "@antv/gl-matrix": "^2.7.1"
          }
        }
      }
    },
    "@antv/util": {
      "version": "1.2.5",
      "resolved": "https://registry.npmjs.org/@antv/util/-/util-1.2.5.tgz",
      "integrity": "sha512-yz1AjXSEjNu9O5kK9pqKq69f/Iliu/IA3XXljUcfrlbUtmUJ0CH1tB5I60vPqfaKaUPhz+/35K+56yqaCsGmqA==",
      "requires": {
        "@antv/gl-matrix": "^2.7.1"
      }
    },
    "@types/node": {
      "version": "11.15.54",
      "resolved": "https://registry.npmjs.org/@types/node/-/node-11.15.54.tgz",
      "integrity": "sha512-1RWYiq+5UfozGsU6MwJyFX6BtktcT10XRjvcAQmskCtMcW3tPske88lM/nHv7BQG1w9KBXI1zPGuu5PnNCX14g=="
    },
    "@types/prop-types": {
      "version": "15.7.4",
      "resolved": "https://registry.npmjs.org/@types/prop-types/-/prop-types-15.7.4.tgz",
      "integrity": "sha512-rZ5drC/jWjrArrS8BR6SIr4cWpW09RNTYt9AMZo3Jwwif+iacXAqgVjm0B0Bv/S1jhDXKHqRVNCbACkJ89RAnQ=="
    },
    "bizgoblin": {
      "version": "0.2.0",
      "resolved": "https://registry.npmjs.org/bizgoblin/-/bizgoblin-0.2.0.tgz",
      "integrity": "sha512-Od7PtqOQ1Pgoa2IhaMehjtCiNmiBkWJ8/NNBLhzd8q1b7+peQRdWz+8hylcFXWCYe+HN5xAoWlBAEhB4CwqVfA==",
      "requires": {
        "@types/node": "^11.11.3",
        "@types/prop-types": "^15.7.0",
        "goblin-base": "^0.2.0",
        "prop-types": "^15.7.2"
      }
    },
    "fecha": {
      "version": "2.3.3",
      "resolved": "https://registry.npmjs.org/fecha/-/fecha-2.3.3.tgz",
      "integrity": "sha512-lUGBnIamTAwk4znq5BcqsDaxSmZ9nDVJaij6NvRt/Tg4R69gERA+otPKbS86ROw9nxVMw2/mp1fnaiWqbs6Sdg=="
    },
    "goblin-base": {
      "version": "0.2.0",
      "resolved": "https://registry.npmjs.org/goblin-base/-/goblin-base-0.2.0.tgz",
      "integrity": "sha512-Ovf9get310aHyu869w8umjINndf2FJ/8xwmuMav+228dagMQU35TQ/IPD1aF8y2A9T1JXP3hhBl720KMu7lFIQ==",
      "requires": {
        "@antv/f2": "3.4.0",
        "@types/node": "^11.11.3"
      }
    },
    "hammerjs": {
      "version": "2.0.8",
      "resolved": "https://registry.npmjs.org/hammerjs/-/hammerjs-2.0.8.tgz",
      "integrity": "sha1-BO93hiz/K7edMPdpIJWTAiK/YPE="
    },
    "js-tokens": {
      "version": "4.0.0",
      "resolved": "https://registry.npmjs.org/js-tokens/-/js-tokens-4.0.0.tgz",
      "integrity": "sha512-RdJUflcE3cUzKiMqQgsCu06FPu9UdIJO0beYbPhHN4k6apgJtifcoCtT9bcxOpYBtpD2kCM6Sbzg4CausW/PKQ=="
    },
    "light-chart": {
      "version": "1.1.4",
      "resolved": "https://registry.npmjs.org/light-chart/-/light-chart-1.1.4.tgz",
      "integrity": "sha512-5IziyZDCyzAQDynseGEk13ZfcYyyIQO2dzLIBZv8C6Ny5giyBCxYT9VwYdtrHigA4Ike+RtJXDG8vcOFrkMdMA==",
      "requires": {
        "@antv/adjust": "~0.1.1",
        "@antv/attr": "~0.1.0",
        "@antv/scale": "~0.1.2",
        "@antv/util": "~1.2.5",
        "hammerjs": "^2.0.8",
        "wolfy87-eventemitter": "^5.2.6"
      }
    },
    "loose-envify": {
      "version": "1.4.0",
      "resolved": "https://registry.npmjs.org/loose-envify/-/loose-envify-1.4.0.tgz",
      "integrity": "sha512-lyuxPGr/Wfhrlem2CL/UcnUc1zcqKAImBDzukY7Y5F/yQiNdko6+fRLevlw1HgMySw7f611UIY408EtxRSoK3Q==",
      "requires": {
        "js-tokens": "^3.0.0 || ^4.0.0"
      }
    },
    "object-assign": {
      "version": "4.1.1",
      "resolved": "https://registry.npmjs.org/object-assign/-/object-assign-4.1.1.tgz",
      "integrity": "sha1-IQmtx5ZYh8/AXLvUQsrIv7s2CGM="
    },
    "prop-types": {
      "version": "15.7.2",
      "resolved": "https://registry.npmjs.org/prop-types/-/prop-types-15.7.2.tgz",
      "integrity": "sha512-8QQikdH7//R2vurIJSutZ1smHYTcLpRWEOlHnzcWHmBYrOGUysKwSsrC89BCiFj3CbrfJ/nXFdJepOVrY1GCHQ==",
      "requires": {
        "loose-envify": "^1.4.0",
        "object-assign": "^4.1.1",
        "react-is": "^16.8.1"
      }
    },
    "react-is": {
      "version": "16.13.1",
      "resolved": "https://registry.npmjs.org/react-is/-/react-is-16.13.1.tgz",
      "integrity": "sha512-24e6ynE2H+OKt4kqsOvNd8kBpV65zoxbA4BVsEOB3ARVWQki/DHzaUoC5KuON/BiccDaCCTZBuOcfZs70kR8bQ=="
    },
    "wolfy87-eventemitter": {
      "version": "5.2.9",
      "resolved": "https://registry.npmjs.org/wolfy87-eventemitter/-/wolfy87-eventemitter-5.2.9.tgz",
      "integrity": "sha512-P+6vtWyuDw+MB01X7UeF8TaHBvbCovf4HPEMF/SV7BdDc1SMTiBy13SRD71lQh4ExFTG1d/WNzDGDCyOKSMblw=="
    }
  }
}
